
Microsoft Visual Studio Solution File, Format Version 12.00
# Visual Studio 15
VisualStudioVersion = 15.0.26403.7
MinimumVisualStudioVersion = 10.0.40219.1
Project("{2150E333-8FDC-42A3-9474-1A3956D46DE8}") = "Tests", "Tests", "{996BA214-C8C6-4EB6-88C2-DEC1DC4BF87D}"
EndProject
Project("{FAE04EC0-301F-11D3-BF4B-00C04F79EFBC}") = "Prism.Commands.Async", "src\Prism.Commands.Async\Prism.Commands.Async.csproj", "{8CDE0FE2-8455-4527-893D-B042D1B7D8D5}"
EndProject
Project("{FAE04EC0-301F-11D3-BF4B-00C04F79EFBC}") = "Prism.Commands.Async.Tests", "src\Tests\Prism.Commands.Async.Tests\Prism.Commands.Async.Tests.csproj", "{D07E93B9-CFB5-4186-8162-3CC04E51DFBD}"
EndProject
Global
	GlobalSection(SolutionConfigurationPlatforms) = preSolution
		Debug|Any CPU = Debug|Any CPU
		Release|Any CPU = Release|Any CPU
	EndGlobalSection
	GlobalSection(ProjectConfigurationPlatforms) = postSolution
		{8CDE0FE2-8455-4527-893D-B042D1B7D8D5}.Debug|Any CPU.ActiveCfg = Debug|Any CPU
		{8CDE0FE2-8455-4527-893D-B042D1B7D8D5}.Debug|Any CPU.Build.0 = Debug|Any CPU
		{8CDE0FE2-8455-4527-893D-B042D1B7D8D5}.Release|Any CPU.ActiveCfg = Release|Any CPU
		{8CDE0FE2-8455-4527-893D-B042D1B7D8D5}.Release|Any CPU.Build.0 = Release|Any CPU
		{D07E93B9-CFB5-4186-8162-3CC04E51DFBD}.Debug|Any CPU.ActiveCfg = Debug|Any CPU
		{D07E93B9-CFB5-4186-8162-3CC04E51DFBD}.Debug|Any CPU.Build.0 = Debug|Any CPU
		{D07E93B9-CFB5-4186-8162-3CC04E51DFBD}.Release|Any CPU.ActiveCfg = Release|Any CPU
		{D07E93B9-CFB5-4186-8162-3CC04E51DFBD}.Release|Any CPU.Build.0 = Release|Any CPU
	EndGlobalSection
	GlobalSection(SolutionProperties) = preSolution
		HideSolutionNode = FALSE
	EndGlobalSection
	GlobalSection(NestedProjects) = preSolution
		{D07E93B9-CFB5-4186-8162-3CC04E51DFBD} = {996BA214-C8C6-4EB6-88C2-DEC1DC4BF87D}
	EndGlobalSection
EndGlobal
